
Microsoft Visual Studio Solution File, Format Version 12.00
# Visual Studio Version 16
VisualStudioVersion = 16.0.29306.81
MinimumVisualStudioVersion = 10.0.40219.1
Project("{FAE04EC0-301F-11D3-BF4B-00C04F79EFBC}") = "Trees", "Trees\Trees.csproj", "{BB73F93F-598E-48B1-8633-39C25D423696}"
EndProject
Global
	GlobalSection(SolutionConfigurationPlatforms) = preSolution
		Debug|Any CPU = Debug|Any CPU
		Release|Any CPU = Release|Any CPU
	EndGlobalSection
	GlobalSection(ProjectConfigurationPlatforms) = postSolution
		{BB73F93F-598E-48B1-8633-39C25D423696}.Debug|Any CPU.ActiveCfg = Debug|Any CPU
		{BB73F93F-598E-48B1-8633-39C25D423696}.Debug|Any CPU.Build.0 = Debug|Any CPU
		{BB73F93F-598E-48B1-8633-39C25D423696}.Release|Any CPU.ActiveCfg = Release|Any CPU
		{BB73F93F-598E-48B1-8633-39C25D423696}.Release|Any CPU.Build.0 = Release|Any CPU
	EndGlobalSection
	GlobalSection(SolutionProperties) = preSolution
		HideSolutionNode = FALSE
	EndGlobalSection
	GlobalSection(ExtensibilityGlobals) = postSolution
		SolutionGuid = {AA79D0D7-6331-454E-87D4-0821218D7DF5}
	EndGlobalSection
EndGlobal
